
Microsoft Visual Studio Solution File, Format Version 12.00
# Visual Studio Version 16
VisualStudioVersion = 16.0.30523.141
MinimumVisualStudioVersion = 10.0.40219.1
Project("{FAE04EC0-301F-11D3-BF4B-00C04F79EFBC}") = "addressbook_tests_autoit", "addressbook_tests_autoit\addressbook_tests_autoit.csproj", "{EB83FB71-22EC-42F3-83D9-A3732767DDE0}"
EndProject
Global
	GlobalSection(SolutionConfigurationPlatforms) = preSolution
		Debug|Any CPU = Debug|Any CPU
		Release|Any CPU = Release|Any CPU
	EndGlobalSection
	GlobalSection(ProjectConfigurationPlatforms) = postSolution
		{EB83FB71-22EC-42F3-83D9-A3732767DDE0}.Debug|Any CPU.ActiveCfg = Debug|Any CPU
		{EB83FB71-22EC-42F3-83D9-A3732767DDE0}.Debug|Any CPU.Build.0 = Debug|Any CPU
		{EB83FB71-22EC-42F3-83D9-A3732767DDE0}.Release|Any CPU.ActiveCfg = Release|Any CPU
		{EB83FB71-22EC-42F3-83D9-A3732767DDE0}.Release|Any CPU.Build.0 = Release|Any CPU
	EndGlobalSection
	GlobalSection(SolutionProperties) = preSolution
		HideSolutionNode = FALSE
	EndGlobalSection
	GlobalSection(ExtensibilityGlobals) = postSolution
		SolutionGuid = {4AD501D3-6E91-40BC-BFAC-D6AA75FC4B75}
	EndGlobalSection
EndGlobal
